
Microsoft Visual Studio Solution File, Format Version 12.00
# Visual Studio Version 17
VisualStudioVersion = 17.1.32421.90
MinimumVisualStudioVersion = 10.0.40219.1
Project("{9A19103F-16F7-4668-BE54-9A1E7A4F7556}") = "JSONStash.Common", "JSONStash.Common\JSONStash.Common.csproj", "{D5F9FF61-F98B-47DC-AA83-3A69D74D2375}"
EndProject
Project("{9A19103F-16F7-4668-BE54-9A1E7A4F7556}") = "JSONStash.Common.Test", "JSONStash.Common.Test\JSONStash.Common.Test.csproj", "{8FC7101A-0128-4D6C-ACCD-181523498772}"
EndProject
Project("{9A19103F-16F7-4668-BE54-9A1E7A4F7556}") = "JSONStash.Web.Service", "JSONStash.Web.Service\JSONStash.Web.Service.csproj", "{0F3AE9D9-0E63-45A0-B0E6-F9226EDAE42B}"
EndProject
Global
	GlobalSection(SolutionConfigurationPlatforms) = preSolution
		Debug|Any CPU = Debug|Any CPU
		Release|Any CPU = Release|Any CPU
	EndGlobalSection
	GlobalSection(ProjectConfigurationPlatforms) = postSolution
		{D5F9FF61-F98B-47DC-AA83-3A69D74D2375}.Debug|Any CPU.ActiveCfg = Debug|Any CPU
		{D5F9FF61-F98B-47DC-AA83-3A69D74D2375}.Debug|Any CPU.Build.0 = Debug|Any CPU
		{D5F9FF61-F98B-47DC-AA83-3A69D74D2375}.Release|Any CPU.ActiveCfg = Release|Any CPU
		{D5F9FF61-F98B-47DC-AA83-3A69D74D2375}.Release|Any CPU.Build.0 = Release|Any CPU
		{8FC7101A-0128-4D6C-ACCD-181523498772}.Debug|Any CPU.ActiveCfg = Debug|Any CPU
		{8FC7101A-0128-4D6C-ACCD-181523498772}.Debug|Any CPU.Build.0 = Debug|Any CPU
		{8FC7101A-0128-4D6C-ACCD-181523498772}.Release|Any CPU.ActiveCfg = Release|Any CPU
		{8FC7101A-0128-4D6C-ACCD-181523498772}.Release|Any CPU.Build.0 = Release|Any CPU
		{0F3AE9D9-0E63-45A0-B0E6-F9226EDAE42B}.Debug|Any CPU.ActiveCfg = Debug|Any CPU
		{0F3AE9D9-0E63-45A0-B0E6-F9226EDAE42B}.Debug|Any CPU.Build.0 = Debug|Any CPU
		{0F3AE9D9-0E63-45A0-B0E6-F9226EDAE42B}.Release|Any CPU.ActiveCfg = Release|Any CPU
		{0F3AE9D9-0E63-45A0-B0E6-F9226EDAE42B}.Release|Any CPU.Build.0 = Release|Any CPU
	EndGlobalSection
	GlobalSection(SolutionProperties) = preSolution
		HideSolutionNode = FALSE
	EndGlobalSection
	GlobalSection(ExtensibilityGlobals) = postSolution
		SolutionGuid = {8DAF59D1-6658-4113-804F-5C8E7554AA56}
	EndGlobalSection
EndGlobal
